// !$*UTF8*$!
{
	archiveVersion = 1;
	classes = {
	};
	objectVersion = 46;
	objects = {
/* Begin PBXBuildFile section */
		0207DA581B56EA530066E2B4 /* Images.xcassets in Resources */ = {isa = PBXBuildFile; fileRef = 0207DA571B56EA530066E2B4 /* Images.xcassets */; };
		1D3623260D0F684500981E51 /* AppDelegate.m in Sources */ = {isa = PBXBuildFile; fileRef = 1D3623250D0F684500981E51 /* AppDelegate.m */; };
		1D60589B0D05DD56006BFB54 /* main.m in Sources */ = {isa = PBXBuildFile; fileRef = 29B97316FDCFA39411CA2CEA /* main.m */; };
		301BF552109A68D80062928A /* libCordova.a in Frameworks */ = {isa = PBXBuildFile; fileRef = 301BF535109A57CC0062928A /* libCordova.a */; };
		302D95F114D2391D003F00A1 /* MainViewController.m in Sources */ = {isa = PBXBuildFile; fileRef = 302D95EF14D2391D003F00A1 /* MainViewController.m */; };
		302D95F214D2391D003F00A1 /* MainViewController.xib in Resources */ = {isa = PBXBuildFile; fileRef = 302D95F014D2391D003F00A1 /* MainViewController.xib */; };
		3047A5121AB8059700498E2A /* build-debug.xcconfig in Resources */ = {isa = PBXBuildFile; fileRef = 3047A50F1AB8059700498E2A /* build-debug.xcconfig */; };
		3047A5131AB8059700498E2A /* build-release.xcconfig in Resources */ = {isa = PBXBuildFile; fileRef = 3047A5101AB8059700498E2A /* build-release.xcconfig */; };
		3047A5141AB8059700498E2A /* build.xcconfig in Resources */ = {isa = PBXBuildFile; fileRef = 3047A5111AB8059700498E2A /* build.xcconfig */; };
		6AFF5BF91D6E424B00AB3073 /* CDVLaunchScreen.storyboard in Resources */ = {isa = PBXBuildFile; fileRef = 6AFF5BF81D6E424B00AB3073 /* CDVLaunchScreen.storyboard */; };
		5F751ABC642B495DAA082719 /* CDVBattery.m in Sources */ = {isa = PBXBuildFile; fileRef = 6622E96264A3478C8ACF19CF /* CDVBattery.m */; };
		A6506A1777E74781A40E69C8 /* UIImage+CropScaleOrientation.m in Sources */ = {isa = PBXBuildFile; fileRef = 14BD6B6F54EB421A8474ADAF /* UIImage+CropScaleOrientation.m */; };
		FE2467BCCA6443DBA3BAFFFB /* CDVCamera.m in Sources */ = {isa = PBXBuildFile; fileRef = 39F9DAF2A69C41538C6CA246 /* CDVCamera.m */; };
		4E28DFAB7C084348829B14B8 /* CDVJpegHeaderWriter.m in Sources */ = {isa = PBXBuildFile; fileRef = 26B94B8BFA694FF9A3D1CFFE /* CDVJpegHeaderWriter.m */; };
		A8E139F4A9F345DF9A2544D5 /* ImageIO.framework in Frameworks */ = {isa = PBXBuildFile; fileRef = A0849153C5B64F54953D9C53 /* ImageIO.framework */; settings = {ATTRIBUTES = (Weak, ); }; };
		3946CFD463334A85B7483F63 /* CoreLocation.framework in Frameworks */ = {isa = PBXBuildFile; fileRef = C684124B749E4DBBAE2BF6D7 /* CoreLocation.framework */; };
		A036CAFB747F4AB1940E6185 /* AVFoundation.framework in Frameworks */ = {isa = PBXBuildFile; fileRef = 11ADF096458B4D6E8A3D642A /* AVFoundation.framework */; };
		F389DA88E98E4E9AB66F6347 /* CDVLogger.m in Sources */ = {isa = PBXBuildFile; fileRef = F2D8FDCCF415469DB47C4CB5 /* CDVLogger.m */; };
		38B08BFB5BD24767BBAC53BA /* CDVContacts.m in Sources */ = {isa = PBXBuildFile; fileRef = 194D1B4430A64B47B70CF578 /* CDVContacts.m */; };
		9C6935C795E44D598E2FC791 /* CDVContact.m in Sources */ = {isa = PBXBuildFile; fileRef = 8E4F803EA6F040388ED32774 /* CDVContact.m */; };
		4DE9F6A16AF24A9DB80847B6 /* AddressBook.framework in Frameworks */ = {isa = PBXBuildFile; fileRef = 0D686B62F49149348A934573 /* AddressBook.framework */; settings = {ATTRIBUTES = (Weak, ); }; };
		1AF924CAAD4B4E539893395A /* AddressBookUI.framework in Frameworks */ = {isa = PBXBuildFile; fileRef = 5796EFB3FE554F7B80AEBBCC /* AddressBookUI.framework */; settings = {ATTRIBUTES = (Weak, ); }; };
		7B78488D279F48BBA3C618E1 /* CDVDevice.m in Sources */ = {isa = PBXBuildFile; fileRef = 673F6D1AA1CD4E84AA65229E /* CDVDevice.m */; };
		A0B583BEA63841CEB00A53E0 /* CDVAccelerometer.m in Sources */ = {isa = PBXBuildFile; fileRef = 693C5C7FA09B49DC9AA5DBEC /* CDVAccelerometer.m */; };
		5F1C93A948D543AFBA51B84B /* CoreMotion.framework in Frameworks */ = {isa = PBXBuildFile; fileRef = F0A868C5552A411FAABF214B /* CoreMotion.framework */; };
		22D3ABBF56564D39AB871641 /* CDVCompass.m in Sources */ = {isa = PBXBuildFile; fileRef = E46A6C76458243B1A2482DD9 /* CDVCompass.m */; };
		2D38512D361F407DACE48A44 /* CDVNotification.m in Sources */ = {isa = PBXBuildFile; fileRef = 2A443215B0EC4E45BB4BE14A /* CDVNotification.m */; };
		D7D4EE22CC984997B4A4A013 /* CDVNotification.bundle in Resources */ = {isa = PBXBuildFile; fileRef = 75CA16D9505B4ED587A0870A /* CDVNotification.bundle */; };
		0811A28DD1354105BF3F504C /* AudioToolbox.framework in Frameworks */ = {isa = PBXBuildFile; fileRef = 0D26113F34C5454F87D805F1 /* AudioToolbox.framework */; settings = {ATTRIBUTES = (Weak, ); }; };
		A10BA61103414FA38E98333A /* CDVFile.m in Sources */ = {isa = PBXBuildFile; fileRef = F7CBC907E3AB43179F1DE320 /* CDVFile.m */; };
		E1103030E1BA42A58C17041F /* CDVLocalFilesystem.m in Sources */ = {isa = PBXBuildFile; fileRef = E572A275518F478C949F7355 /* CDVLocalFilesystem.m */; };
		C4E453C3001346F693F9CE69 /* CDVAssetLibraryFilesystem.m in Sources */ = {isa = PBXBuildFile; fileRef = 8D42DB1DA2E14DCAAEB10C2B /* CDVAssetLibraryFilesystem.m */; };
		C0C3021D245B4920B31FE409 /* CDVFileTransfer.m in Sources */ = {isa = PBXBuildFile; fileRef = 64449AF1BB33463A9DB24C29 /* CDVFileTransfer.m */; };
		57B1A762CE0C4CBBB57BDA15 /* CDVLocation.m in Sources */ = {isa = PBXBuildFile; fileRef = 0AAD45EA566E4EF2A660367E /* CDVLocation.m */; };
		A56F1E9C95B448BC9BEE6DD6 /* CDVGlobalization.m in Sources */ = {isa = PBXBuildFile; fileRef = 91046A3D40A5487388337D9C /* CDVGlobalization.m */; };
		04E0AC217F0D4888ADD7BA26 /* CDVInAppBrowser.m in Sources */ = {isa = PBXBuildFile; fileRef = BF0338FE84AD450E8FE95D86 /* CDVInAppBrowser.m */; };
		79FE0AB4709B40ABA53A411C /* CDVSound.m in Sources */ = {isa = PBXBuildFile; fileRef = F6C6522ABA6F474AA471CC29 /* CDVSound.m */; };
		A958DCCB04594F65A52F7B5A /* CDVCapture.m in Sources */ = {isa = PBXBuildFile; fileRef = B3091681913D4DAC8893ACBF /* CDVCapture.m */; };
		47871E4CAB5841E79F25432E /* CDVCapture.bundle in Resources */ = {isa = PBXBuildFile; fileRef = F41990D0DBB14092BF686992 /* CDVCapture.bundle */; };
		F4D145891F7D46CCA23147BB /* CDVConnection.m in Sources */ = {isa = PBXBuildFile; fileRef = 79BF3F24F7C6405BA8D07643 /* CDVConnection.m */; };
		C151E81C467547A2998D652F /* CDVReachability.m in Sources */ = {isa = PBXBuildFile; fileRef = 3471C070D15B4DC9816D52F8 /* CDVReachability.m */; };
		F38A3ACCADF94D10A0FB9333 /* SystemConfiguration.framework in Frameworks */ = {isa = PBXBuildFile; fileRef = 37BF9FDDE8E74C449F80BDEE /* SystemConfiguration.framework */; settings = {ATTRIBUTES = (Weak, ); }; };
		7B5FD7A213444491B0B0380E /* CoreTelephony.framework in Frameworks */ = {isa = PBXBuildFile; fileRef = 436C260D5AFB4D5190E5B332 /* CoreTelephony.framework */; };
		88DB30AFBAD64CE7A26CBBAE /* CDVSplashScreen.m in Sources */ = {isa = PBXBuildFile; fileRef = 183CFF553B41444C866317BB /* CDVSplashScreen.m */; };
		2C0037787B404ABBBFA8575B /* CDVViewController+SplashScreen.m in Sources */ = {isa = PBXBuildFile; fileRef = CC620DA5E79948E78EBE3CD3 /* CDVViewController+SplashScreen.m */; };
		63D08B04B58E4D5098A0A178 /* CDVStatusBar.m in Sources */ = {isa = PBXBuildFile; fileRef = B5F92625DD9B48B68D2E1B9E /* CDVStatusBar.m */; };
		E269F36F952F451093A30123 /* CDVVibration.m in Sources */ = {isa = PBXBuildFile; fileRef = 451ED274249645DCBD98BFDE /* CDVVibration.m */; };
		FCF7C69439E9458A853AFB05 /* CDVBarcodeScanner.mm in Resources */ = {isa = PBXBuildFile; fileRef = F64858B7B8AD44B684680E58 /* CDVBarcodeScanner.mm */; settings = {COMPILER_FLAGS = "-fno-objc-arc"; }; };
		C540148F2C2B43D9A8747891 /* zxing-all-in-one.cpp in Resources */ = {isa = PBXBuildFile; fileRef = D59A148821B7438E9483233E /* zxing-all-in-one.cpp */; };
		47E2207DC7FF42AFBDEA92AD /* scannerOverlay.xib in Resources */ = {isa = PBXBuildFile; fileRef = A8E6481B775246A0AE768E06 /* scannerOverlay.xib */; };
		56290F6502E940EFB2434413 /* CDVBarcodeScanner.bundle in Resources */ = {isa = PBXBuildFile; fileRef = DE37D2F83D594F8683AAA7BE /* CDVBarcodeScanner.bundle */; };
		4F8C5F9006C54420BCE702F0 /* libiconv.dylib in Frameworks */ = {isa = PBXBuildFile; fileRef = B1327318162340B69D04BA7E /* libiconv.dylib */; };
		D0995E481F9F401A8F98D608 /* CoreVideo.framework in Frameworks */ = {isa = PBXBuildFile; fileRef = BED663C2129D4792986A5574 /* CoreVideo.framework */; };
		0D03FE407B114109B1D43829 /* QuartzCore.framework in Frameworks */ = {isa = PBXBuildFile; fileRef = D4A605BDE6A14903844209FB /* QuartzCore.framework */; };
		EF4CBCEEE89847179BDBCA36 /* CoreImage.framework in Frameworks */ = {isa = PBXBuildFile; fileRef = 3A426C6CCAFF4CD3832562AE /* CoreImage.framework */; };
/* End PBXBuildFile section */

/* Begin PBXContainerItemProxy section */
		301BF534109A57CC0062928A /* PBXContainerItemProxy */ = {
			isa = PBXContainerItemProxy;
			containerPortal = 301BF52D109A57CC0062928A /* CordovaLib.xcodeproj */;
			proxyType = 2;
			remoteGlobalIDString = D2AAC07E0554694100DB518D;
			remoteInfo = CordovaLib;
		};
		301BF550109A68C00062928A /* PBXContainerItemProxy */ = {
			isa = PBXContainerItemProxy;
			containerPortal = 301BF52D109A57CC0062928A /* CordovaLib.xcodeproj */;
			proxyType = 1;
			remoteGlobalIDString = D2AAC07D0554694100DB518D;
			remoteInfo = CordovaLib;
		};
/* End PBXContainerItemProxy section */

/* Begin PBXFileReference section */
		0207DA571B56EA530066E2B4 /* Images.xcassets */ = {isa = PBXFileReference; lastKnownFileType = folder.assetcatalog; name = Images.xcassets; path = "BarCodeScanner/Images.xcassets"; sourceTree = SOURCE_ROOT; };
		1D3623240D0F684500981E51 /* AppDelegate.h */ = {isa = PBXFileReference; fileEncoding = 4; lastKnownFileType = sourcecode.c.h; path = AppDelegate.h; sourceTree = "<group>"; };
		1D3623250D0F684500981E51 /* AppDelegate.m */ = {isa = PBXFileReference; fileEncoding = 4; lastKnownFileType = sourcecode.c.objc; path = AppDelegate.m; sourceTree = "<group>"; };
		1D6058910D05DD3D006BFB54 /* BarCodeScanner.app */ = {isa = PBXFileReference; explicitFileType = wrapper.application; includeInIndex = 0; path = "BarCodeScanner.app"; sourceTree = BUILT_PRODUCTS_DIR; };
		29B97316FDCFA39411CA2CEA /* main.m */ = {isa = PBXFileReference; fileEncoding = 4; lastKnownFileType = sourcecode.c.objc; path = main.m; sourceTree = "<group>"; };
		301BF52D109A57CC0062928A /* CordovaLib.xcodeproj */ = {isa = PBXFileReference; lastKnownFileType = "wrapper.pb-project"; name = CordovaLib.xcodeproj; path = CordovaLib/CordovaLib.xcodeproj; sourceTree = "<group>"; };
		301BF56E109A69640062928A /* www */ = {isa = PBXFileReference; lastKnownFileType = folder; path = www; sourceTree = SOURCE_ROOT; };
		302D95EE14D2391D003F00A1 /* MainViewController.h */ = {isa = PBXFileReference; fileEncoding = 4; lastKnownFileType = sourcecode.c.h; path = MainViewController.h; sourceTree = "<group>"; };
		302D95EF14D2391D003F00A1 /* MainViewController.m */ = {isa = PBXFileReference; fileEncoding = 4; lastKnownFileType = sourcecode.c.objc; path = MainViewController.m; sourceTree = "<group>"; };
		302D95F014D2391D003F00A1 /* MainViewController.xib */ = {isa = PBXFileReference; fileEncoding = 4; lastKnownFileType = file.xib; path = MainViewController.xib; sourceTree = "<group>"; };
		3047A50F1AB8059700498E2A /* build-debug.xcconfig */ = {isa = PBXFileReference; fileEncoding = 4; lastKnownFileType = text.xcconfig; name = "build-debug.xcconfig"; path = cordova/build-debug.xcconfig; sourceTree = SOURCE_ROOT; };
		3047A5101AB8059700498E2A /* build-release.xcconfig */ = {isa = PBXFileReference; fileEncoding = 4; lastKnownFileType = text.xcconfig; name = "build-release.xcconfig"; path = cordova/build-release.xcconfig; sourceTree = SOURCE_ROOT; };
		3047A5111AB8059700498E2A /* build.xcconfig */ = {isa = PBXFileReference; fileEncoding = 4; lastKnownFileType = text.xcconfig; name = build.xcconfig; path = cordova/build.xcconfig; sourceTree = SOURCE_ROOT; };
		32CA4F630368D1EE00C91783 /* BarCodeScanner-Prefix.pch */ = {isa = PBXFileReference; fileEncoding = 4; lastKnownFileType = sourcecode.c.h; path = "BarCodeScanner-Prefix.pch"; sourceTree = "<group>"; };
		6AFF5BF81D6E424B00AB3073 /* CDVLaunchScreen.storyboard */ = {isa = PBXFileReference; fileEncoding = 4; lastKnownFileType = file.storyboard; name = CDVLaunchScreen.storyboard; path = "BarCodeScanner/CDVLaunchScreen.storyboard"; sourceTree = SOURCE_ROOT; };
		8D1107310486CEB800E47090 /* BarCodeScanner-Info.plist */ = {isa = PBXFileReference; fileEncoding = 4; lastKnownFileType = text.plist.xml; name = "BarCodeScanner-Info.plist"; path = "BarCodeScanner/BarCodeScanner-Info.plist"; plistStructureDefinitionIdentifier = "com.apple.xcode.plist.structure-definition.iphone.info-plist"; sourceTree = SOURCE_ROOT; };
		EB87FDF31871DA8E0020F90C /* www */ = {isa = PBXFileReference; lastKnownFileType = folder; name = www; path = ../../www; sourceTree = "<group>"; };
		EB87FDF41871DAF40020F90C /* config.xml */ = {isa = PBXFileReference; lastKnownFileType = text.xml; name = config.xml; path = ../../config.xml; sourceTree = "<group>"; };
		F840E1F0165FE0F500CFE078 /* config.xml */ = {isa = PBXFileReference; lastKnownFileType = text.xml; name = config.xml; path = "BarCodeScanner/config.xml"; sourceTree = "<group>"; };
		ED33DF2A687741AEAF9F8254 /* Bridging-Header.h */ = {isa = PBXFileReference; fileEncoding = 4; lastKnownFileType = sourcecode.c.h; name = "Bridging-Header.h"; path = "Bridging-Header.h"; sourceTree = "<group>"; };
		6622E96264A3478C8ACF19CF /* CDVBattery.m */ = {isa = PBXFileReference; name = "CDVBattery.m"; path = "cordova-plugin-battery-status/CDVBattery.m"; sourceTree = "<group>"; fileEncoding = 4; lastKnownFileType = sourcecode.c.objc; explicitFileType = undefined; includeInIndex = 0; };
		A9640A46FA5B4777A025E186 /* CDVBattery.h */ = {isa = PBXFileReference; name = "CDVBattery.h"; path = "cordova-plugin-battery-status/CDVBattery.h"; sourceTree = "<group>"; fileEncoding = 4; lastKnownFileType = sourcecode.c.h; explicitFileType = undefined; includeInIndex = 0; };
		14BD6B6F54EB421A8474ADAF /* UIImage+CropScaleOrientation.m */ = {isa = PBXFileReference; name = "UIImage+CropScaleOrientation.m"; path = "cordova-plugin-camera/UIImage+CropScaleOrientation.m"; sourceTree = "<group>"; fileEncoding = 4; lastKnownFileType = sourcecode.c.objc; explicitFileType = undefined; includeInIndex = 0; };
		39F9DAF2A69C41538C6CA246 /* CDVCamera.m */ = {isa = PBXFileReference; name = "CDVCamera.m"; path = "cordova-plugin-camera/CDVCamera.m"; sourceTree = "<group>"; fileEncoding = 4; lastKnownFileType = sourcecode.c.objc; explicitFileType = undefined; includeInIndex = 0; };
		26B94B8BFA694FF9A3D1CFFE /* CDVJpegHeaderWriter.m */ = {isa = PBXFileReference; name = "CDVJpegHeaderWriter.m"; path = "cordova-plugin-camera/CDVJpegHeaderWriter.m"; sourceTree = "<group>"; fileEncoding = 4; lastKnownFileType = sourcecode.c.objc; explicitFileType = undefined; includeInIndex = 0; };
		88A8B99B44C24D7EBB1E8192 /* UIImage+CropScaleOrientation.h */ = {isa = PBXFileReference; name = "UIImage+CropScaleOrientation.h"; path = "cordova-plugin-camera/UIImage+CropScaleOrientation.h"; sourceTree = "<group>"; fileEncoding = 4; lastKnownFileType = sourcecode.c.h; explicitFileType = undefined; includeInIndex = 0; };
		BED2D07DB6FC4371873F1721 /* CDVCamera.h */ = {isa = PBXFileReference; name = "CDVCamera.h"; path = "cordova-plugin-camera/CDVCamera.h"; sourceTree = "<group>"; fileEncoding = 4; lastKnownFileType = sourcecode.c.h; explicitFileType = undefined; includeInIndex = 0; };
		F88CF4411D784C32A3637F1A /* CDVJpegHeaderWriter.h */ = {isa = PBXFileReference; name = "CDVJpegHeaderWriter.h"; path = "cordova-plugin-camera/CDVJpegHeaderWriter.h"; sourceTree = "<group>"; fileEncoding = 4; lastKnownFileType = sourcecode.c.h; explicitFileType = undefined; includeInIndex = 0; };
		8D5E4D88C1F24D9B9F456C31 /* CDVExif.h */ = {isa = PBXFileReference; name = "CDVExif.h"; path = "cordova-plugin-camera/CDVExif.h"; sourceTree = "<group>"; fileEncoding = 4; lastKnownFileType = sourcecode.c.h; explicitFileType = undefined; includeInIndex = 0; };
		A0849153C5B64F54953D9C53 /* ImageIO.framework */ = {isa = PBXFileReference; name = "ImageIO.framework"; path = "System/Library/Frameworks/ImageIO.framework"; sourceTree = SDKROOT; fileEncoding = undefined; lastKnownFileType = wrapper.framework; explicitFileType = undefined; includeInIndex = 0; };
		C684124B749E4DBBAE2BF6D7 /* CoreLocation.framework */ = {isa = PBXFileReference; name = "CoreLocation.framework"; path = "System/Library/Frameworks/CoreLocation.framework"; sourceTree = SDKROOT; fileEncoding = undefined; lastKnownFileType = wrapper.framework; explicitFileType = undefined; includeInIndex = 0; };
		11ADF096458B4D6E8A3D642A /* AVFoundation.framework */ = {isa = PBXFileReference; name = "AVFoundation.framework"; path = "System/Library/Frameworks/AVFoundation.framework"; sourceTree = SDKROOT; fileEncoding = undefined; lastKnownFileType = wrapper.framework; explicitFileType = undefined; includeInIndex = 0; };
		F2D8FDCCF415469DB47C4CB5 /* CDVLogger.m */ = {isa = PBXFileReference; name = "CDVLogger.m"; path = "cordova-plugin-console/CDVLogger.m"; sourceTree = "<group>"; fileEncoding = 4; lastKnownFileType = sourcecode.c.objc; explicitFileType = undefined; includeInIndex = 0; };
		985E1FFA0C5E4D02989F0CC6 /* CDVLogger.h */ = {isa = PBXFileReference; name = "CDVLogger.h"; path = "cordova-plugin-console/CDVLogger.h"; sourceTree = "<group>"; fileEncoding = 4; lastKnownFileType = sourcecode.c.h; explicitFileType = undefined; includeInIndex = 0; };
		194D1B4430A64B47B70CF578 /* CDVContacts.m */ = {isa = PBXFileReference; name = "CDVContacts.m"; path = "cordova-plugin-contacts/CDVContacts.m"; sourceTree = "<group>"; fileEncoding = 4; lastKnownFileType = sourcecode.c.objc; explicitFileType = undefined; includeInIndex = 0; };
		8E4F803EA6F040388ED32774 /* CDVContact.m */ = {isa = PBXFileReference; name = "CDVContact.m"; path = "cordova-plugin-contacts/CDVContact.m"; sourceTree = "<group>"; fileEncoding = 4; lastKnownFileType = sourcecode.c.objc; explicitFileType = undefined; includeInIndex = 0; };
		F1834CCDCAD844BC8183E960 /* CDVContacts.h */ = {isa = PBXFileReference; name = "CDVContacts.h"; path = "cordova-plugin-contacts/CDVContacts.h"; sourceTree = "<group>"; fileEncoding = 4; lastKnownFileType = sourcecode.c.h; explicitFileType = undefined; includeInIndex = 0; };
		B4936393C0B64CB49E5AE9E2 /* CDVContact.h */ = {isa = PBXFileReference; name = "CDVContact.h"; path = "cordova-plugin-contacts/CDVContact.h"; sourceTree = "<group>"; fileEncoding = 4; lastKnownFileType = sourcecode.c.h; explicitFileType = undefined; includeInIndex = 0; };
		0D686B62F49149348A934573 /* AddressBook.framework */ = {isa = PBXFileReference; name = "AddressBook.framework"; path = "System/Library/Frameworks/AddressBook.framework"; sourceTree = SDKROOT; fileEncoding = undefined; lastKnownFileType = wrapper.framework; explicitFileType = undefined; includeInIndex = 0; };
		5796EFB3FE554F7B80AEBBCC /* AddressBookUI.framework */ = {isa = PBXFileReference; name = "AddressBookUI.framework"; path = "System/Library/Frameworks/AddressBookUI.framework"; sourceTree = SDKROOT; fileEncoding = undefined; lastKnownFileType = wrapper.framework; explicitFileType = undefined; includeInIndex = 0; };
		673F6D1AA1CD4E84AA65229E /* CDVDevice.m */ = {isa = PBXFileReference; name = "CDVDevice.m"; path = "cordova-plugin-device/CDVDevice.m"; sourceTree = "<group>"; fileEncoding = 4; lastKnownFileType = sourcecode.c.objc; explicitFileType = undefined; includeInIndex = 0; };
		02093FF6B33D4A639B935250 /* CDVDevice.h */ = {isa = PBXFileReference; name = "CDVDevice.h"; path = "cordova-plugin-device/CDVDevice.h"; sourceTree = "<group>"; fileEncoding = 4; lastKnownFileType = sourcecode.c.h; explicitFileType = undefined; includeInIndex = 0; };
		693C5C7FA09B49DC9AA5DBEC /* CDVAccelerometer.m */ = {isa = PBXFileReference; name = "CDVAccelerometer.m"; path = "cordova-plugin-device-motion/CDVAccelerometer.m"; sourceTree = "<group>"; fileEncoding = 4; lastKnownFileType = sourcecode.c.objc; explicitFileType = undefined; includeInIndex = 0; };
		122808C001AA45C5AC6287A4 /* CDVAccelerometer.h */ = {isa = PBXFileReference; name = "CDVAccelerometer.h"; path = "cordova-plugin-device-motion/CDVAccelerometer.h"; sourceTree = "<group>"; fileEncoding = 4; lastKnownFileType = sourcecode.c.h; explicitFileType = undefined; includeInIndex = 0; };
		F0A868C5552A411FAABF214B /* CoreMotion.framework */ = {isa = PBXFileReference; name = "CoreMotion.framework"; path = "System/Library/Frameworks/CoreMotion.framework"; sourceTree = SDKROOT; fileEncoding = undefined; lastKnownFileType = wrapper.framework; explicitFileType = undefined; includeInIndex = 0; };
		E46A6C76458243B1A2482DD9 /* CDVCompass.m */ = {isa = PBXFileReference; name = "CDVCompass.m"; path = "cordova-plugin-device-orientation/CDVCompass.m"; sourceTree = "<group>"; fileEncoding = 4; lastKnownFileType = sourcecode.c.objc; explicitFileType = undefined; includeInIndex = 0; };
		CD1B855207014DDCAF177E8B /* CDVCompass.h */ = {isa = PBXFileReference; name = "CDVCompass.h"; path = "cordova-plugin-device-orientation/CDVCompass.h"; sourceTree = "<group>"; fileEncoding = 4; lastKnownFileType = sourcecode.c.h; explicitFileType = undefined; includeInIndex = 0; };
		2A443215B0EC4E45BB4BE14A /* CDVNotification.m */ = {isa = PBXFileReference; name = "CDVNotification.m"; path = "cordova-plugin-dialogs/CDVNotification.m"; sourceTree = "<group>"; fileEncoding = 4; lastKnownFileType = sourcecode.c.objc; explicitFileType = undefined; includeInIndex = 0; };
		BA072C526EC4471FBA90D1AE /* CDVNotification.h */ = {isa = PBXFileReference; name = "CDVNotification.h"; path = "cordova-plugin-dialogs/CDVNotification.h"; sourceTree = "<group>"; fileEncoding = 4; lastKnownFileType = sourcecode.c.h; explicitFileType = undefined; includeInIndex = 0; };
		75CA16D9505B4ED587A0870A /* CDVNotification.bundle */ = {isa = PBXFileReference; name = "CDVNotification.bundle"; path = "CDVNotification.bundle"; sourceTree = "<group>"; fileEncoding = undefined; lastKnownFileType = wrapper.plug-in; explicitFileType = undefined; includeInIndex = 0; };
		0D26113F34C5454F87D805F1 /* AudioToolbox.framework */ = {isa = PBXFileReference; name = "AudioToolbox.framework"; path = "System/Library/Frameworks/AudioToolbox.framework"; sourceTree = SDKROOT; fileEncoding = undefined; lastKnownFileType = wrapper.framework; explicitFileType = undefined; includeInIndex = 0; };
		F7CBC907E3AB43179F1DE320 /* CDVFile.m */ = {isa = PBXFileReference; name = "CDVFile.m"; path = "cordova-plugin-file/CDVFile.m"; sourceTree = "<group>"; fileEncoding = 4; lastKnownFileType = sourcecode.c.objc; explicitFileType = undefined; includeInIndex = 0; };
		E572A275518F478C949F7355 /* CDVLocalFilesystem.m */ = {isa = PBXFileReference; name = "CDVLocalFilesystem.m"; path = "cordova-plugin-file/CDVLocalFilesystem.m"; sourceTree = "<group>"; fileEncoding = 4; lastKnownFileType = sourcecode.c.objc; explicitFileType = undefined; includeInIndex = 0; };
		8D42DB1DA2E14DCAAEB10C2B /* CDVAssetLibraryFilesystem.m */ = {isa = PBXFileReference; name = "CDVAssetLibraryFilesystem.m"; path = "cordova-plugin-file/CDVAssetLibraryFilesystem.m"; sourceTree = "<group>"; fileEncoding = 4; lastKnownFileType = sourcecode.c.objc; explicitFileType = undefined; includeInIndex = 0; };
		9D11C41024BD403AB451D94D /* CDVFile.h */ = {isa = PBXFileReference; name = "CDVFile.h"; path = "cordova-plugin-file/CDVFile.h"; sourceTree = "<group>"; fileEncoding = 4; lastKnownFileType = sourcecode.c.h; explicitFileType = undefined; includeInIndex = 0; };
		F28E8B15B93148FDB6675DC5 /* CDVLocalFilesystem.h */ = {isa = PBXFileReference; name = "CDVLocalFilesystem.h"; path = "cordova-plugin-file/CDVLocalFilesystem.h"; sourceTree = "<group>"; fileEncoding = 4; lastKnownFileType = sourcecode.c.h; explicitFileType = undefined; includeInIndex = 0; };
		E4CB1736FB4045519B93B617 /* CDVAssetLibraryFilesystem.h */ = {isa = PBXFileReference; name = "CDVAssetLibraryFilesystem.h"; path = "cordova-plugin-file/CDVAssetLibraryFilesystem.h"; sourceTree = "<group>"; fileEncoding = 4; lastKnownFileType = sourcecode.c.h; explicitFileType = undefined; includeInIndex = 0; };
		64449AF1BB33463A9DB24C29 /* CDVFileTransfer.m */ = {isa = PBXFileReference; name = "CDVFileTransfer.m"; path = "cordova-plugin-file-transfer/CDVFileTransfer.m"; sourceTree = "<group>"; fileEncoding = 4; lastKnownFileType = sourcecode.c.objc; explicitFileType = undefined; includeInIndex = 0; };
		6FB229FFB1764315A1DF9DF4 /* CDVFileTransfer.h */ = {isa = PBXFileReference; name = "CDVFileTransfer.h"; path = "cordova-plugin-file-transfer/CDVFileTransfer.h"; sourceTree = "<group>"; fileEncoding = 4; lastKnownFileType = sourcecode.c.h; explicitFileType = undefined; includeInIndex = 0; };
		0AAD45EA566E4EF2A660367E /* CDVLocation.m */ = {isa = PBXFileReference; name = "CDVLocation.m"; path = "cordova-plugin-geolocation/CDVLocation.m"; sourceTree = "<group>"; fileEncoding = 4; lastKnownFileType = sourcecode.c.objc; explicitFileType = undefined; includeInIndex = 0; };
		C80417B375D146B8AC2C23D2 /* CDVLocation.h */ = {isa = PBXFileReference; name = "CDVLocation.h"; path = "cordova-plugin-geolocation/CDVLocation.h"; sourceTree = "<group>"; fileEncoding = 4; lastKnownFileType = sourcecode.c.h; explicitFileType = undefined; includeInIndex = 0; };
		91046A3D40A5487388337D9C /* CDVGlobalization.m */ = {isa = PBXFileReference; name = "CDVGlobalization.m"; path = "cordova-plugin-globalization/CDVGlobalization.m"; sourceTree = "<group>"; fileEncoding = 4; lastKnownFileType = sourcecode.c.objc; explicitFileType = undefined; includeInIndex = 0; };
		673DCD35EC1B4A3C9CF12FCD /* CDVGlobalization.h */ = {isa = PBXFileReference; name = "CDVGlobalization.h"; path = "cordova-plugin-globalization/CDVGlobalization.h"; sourceTree = "<group>"; fileEncoding = 4; lastKnownFileType = sourcecode.c.h; explicitFileType = undefined; includeInIndex = 0; };
		BF0338FE84AD450E8FE95D86 /* CDVInAppBrowser.m */ = {isa = PBXFileReference; name = "CDVInAppBrowser.m"; path = "cordova-plugin-inappbrowser/CDVInAppBrowser.m"; sourceTree = "<group>"; fileEncoding = 4; lastKnownFileType = sourcecode.c.objc; explicitFileType = undefined; includeInIndex = 0; };
		522D0E77E85948B6AADBBA57 /* CDVInAppBrowser.h */ = {isa = PBXFileReference; name = "CDVInAppBrowser.h"; path = "cordova-plugin-inappbrowser/CDVInAppBrowser.h"; sourceTree = "<group>"; fileEncoding = 4; lastKnownFileType = sourcecode.c.h; explicitFileType = undefined; includeInIndex = 0; };
		F6C6522ABA6F474AA471CC29 /* CDVSound.m */ = {isa = PBXFileReference; name = "CDVSound.m"; path = "cordova-plugin-media/CDVSound.m"; sourceTree = "<group>"; fileEncoding = 4; lastKnownFileType = sourcecode.c.objc; explicitFileType = undefined; includeInIndex = 0; };
		8D4547D6D0D0424696F8AABB /* CDVSound.h */ = {isa = PBXFileReference; name = "CDVSound.h"; path = "cordova-plugin-media/CDVSound.h"; sourceTree = "<group>"; fileEncoding = 4; lastKnownFileType = sourcecode.c.h; explicitFileType = undefined; includeInIndex = 0; };
		B3091681913D4DAC8893ACBF /* CDVCapture.m */ = {isa = PBXFileReference; name = "CDVCapture.m"; path = "cordova-plugin-media-capture/CDVCapture.m"; sourceTree = "<group>"; fileEncoding = 4; lastKnownFileType = sourcecode.c.objc; explicitFileType = undefined; includeInIndex = 0; };
		4390E16D05E445DB9EE49385 /* CDVCapture.h */ = {isa = PBXFileReference; name = "CDVCapture.h"; path = "cordova-plugin-media-capture/CDVCapture.h"; sourceTree = "<group>"; fileEncoding = 4; lastKnownFileType = sourcecode.c.h; explicitFileType = undefined; includeInIndex = 0; };
		F41990D0DBB14092BF686992 /* CDVCapture.bundle */ = {isa = PBXFileReference; name = "CDVCapture.bundle"; path = "CDVCapture.bundle"; sourceTree = "<group>"; fileEncoding = undefined; lastKnownFileType = wrapper.plug-in; explicitFileType = undefined; includeInIndex = 0; };
		79BF3F24F7C6405BA8D07643 /* CDVConnection.m */ = {isa = PBXFileReference; name = "CDVConnection.m"; path = "cordova-plugin-network-information/CDVConnection.m"; sourceTree = "<group>"; fileEncoding = 4; lastKnownFileType = sourcecode.c.objc; explicitFileType = undefined; includeInIndex = 0; };
		3471C070D15B4DC9816D52F8 /* CDVReachability.m */ = {isa = PBXFileReference; name = "CDVReachability.m"; path = "cordova-plugin-network-information/CDVReachability.m"; sourceTree = "<group>"; fileEncoding = 4; lastKnownFileType = sourcecode.c.objc; explicitFileType = undefined; includeInIndex = 0; };
		A423AE7A3F024C5B9F576591 /* CDVConnection.h */ = {isa = PBXFileReference; name = "CDVConnection.h"; path = "cordova-plugin-network-information/CDVConnection.h"; sourceTree = "<group>"; fileEncoding = 4; lastKnownFileType = sourcecode.c.h; explicitFileType = undefined; includeInIndex = 0; };
		DC4191F641584A34B8BC50BD /* CDVReachability.h */ = {isa = PBXFileReference; name = "CDVReachability.h"; path = "cordova-plugin-network-information/CDVReachability.h"; sourceTree = "<group>"; fileEncoding = 4; lastKnownFileType = sourcecode.c.h; explicitFileType = undefined; includeInIndex = 0; };
		37BF9FDDE8E74C449F80BDEE /* SystemConfiguration.framework */ = {isa = PBXFileReference; name = "SystemConfiguration.framework"; path = "System/Library/Frameworks/SystemConfiguration.framework"; sourceTree = SDKROOT; fileEncoding = undefined; lastKnownFileType = wrapper.framework; explicitFileType = undefined; includeInIndex = 0; };
		436C260D5AFB4D5190E5B332 /* CoreTelephony.framework */ = {isa = PBXFileReference; name = "CoreTelephony.framework"; path = "System/Library/Frameworks/CoreTelephony.framework"; sourceTree = SDKROOT; fileEncoding = undefined; lastKnownFileType = wrapper.framework; explicitFileType = undefined; includeInIndex = 0; };
		183CFF553B41444C866317BB /* CDVSplashScreen.m */ = {isa = PBXFileReference; name = "CDVSplashScreen.m"; path = "cordova-plugin-splashscreen/CDVSplashScreen.m"; sourceTree = "<group>"; fileEncoding = 4; lastKnownFileType = sourcecode.c.objc; explicitFileType = undefined; includeInIndex = 0; };
		CC620DA5E79948E78EBE3CD3 /* CDVViewController+SplashScreen.m */ = {isa = PBXFileReference; name = "CDVViewController+SplashScreen.m"; path = "cordova-plugin-splashscreen/CDVViewController+SplashScreen.m"; sourceTree = "<group>"; fileEncoding = 4; lastKnownFileType = sourcecode.c.objc; explicitFileType = undefined; includeInIndex = 0; };
		AE5D6D1FDF004899BE6ED272 /* CDVSplashScreen.h */ = {isa = PBXFileReference; name = "CDVSplashScreen.h"; path = "cordova-plugin-splashscreen/CDVSplashScreen.h"; sourceTree = "<group>"; fileEncoding = 4; lastKnownFileType = sourcecode.c.h; explicitFileType = undefined; includeInIndex = 0; };
		EC294C1D310643F9A329A5F4 /* CDVViewController+SplashScreen.h */ = {isa = PBXFileReference; name = "CDVViewController+SplashScreen.h"; path = "cordova-plugin-splashscreen/CDVViewController+SplashScreen.h"; sourceTree = "<group>"; fileEncoding = 4; lastKnownFileType = sourcecode.c.h; explicitFileType = undefined; includeInIndex = 0; };
		B5F92625DD9B48B68D2E1B9E /* CDVStatusBar.m */ = {isa = PBXFileReference; name = "CDVStatusBar.m"; path = "cordova-plugin-statusbar/CDVStatusBar.m"; sourceTree = "<group>"; fileEncoding = 4; lastKnownFileType = sourcecode.c.objc; explicitFileType = undefined; includeInIndex = 0; };
		A291285C61D24F3D88442764 /* CDVStatusBar.h */ = {isa = PBXFileReference; name = "CDVStatusBar.h"; path = "cordova-plugin-statusbar/CDVStatusBar.h"; sourceTree = "<group>"; fileEncoding = 4; lastKnownFileType = sourcecode.c.h; explicitFileType = undefined; includeInIndex = 0; };
		451ED274249645DCBD98BFDE /* CDVVibration.m */ = {isa = PBXFileReference; name = "CDVVibration.m"; path = "cordova-plugin-vibration/CDVVibration.m"; sourceTree = "<group>"; fileEncoding = 4; lastKnownFileType = sourcecode.c.objc; explicitFileType = undefined; includeInIndex = 0; };
		9E2329B2213F4270A21831CA /* CDVVibration.h */ = {isa = PBXFileReference; name = "CDVVibration.h"; path = "cordova-plugin-vibration/CDVVibration.h"; sourceTree = "<group>"; fileEncoding = 4; lastKnownFileType = sourcecode.c.h; explicitFileType = undefined; includeInIndex = 0; };
		F64858B7B8AD44B684680E58 /* CDVBarcodeScanner.mm */ = {isa = PBXFileReference; name = "CDVBarcodeScanner.mm"; path = "phonegap-plugin-barcodescanner/CDVBarcodeScanner.mm"; sourceTree = "<group>"; fileEncoding = undefined; lastKnownFileType = unknown; explicitFileType = undefined; includeInIndex = 0; };
		D59A148821B7438E9483233E /* zxing-all-in-one.cpp */ = {isa = PBXFileReference; name = "zxing-all-in-one.cpp"; path = "phonegap-plugin-barcodescanner/zxing-all-in-one.cpp"; sourceTree = "<group>"; fileEncoding = undefined; lastKnownFileType = unknown; explicitFileType = undefined; includeInIndex = 0; };
		73CF416764F14E2CB9CA197E /* zxing-all-in-one.h */ = {isa = PBXFileReference; name = "zxing-all-in-one.h"; path = "phonegap-plugin-barcodescanner/zxing-all-in-one.h"; sourceTree = "<group>"; fileEncoding = 4; lastKnownFileType = sourcecode.c.h; explicitFileType = undefined; includeInIndex = 0; };
		A8E6481B775246A0AE768E06 /* scannerOverlay.xib */ = {isa = PBXFileReference; name = "scannerOverlay.xib"; path = "scannerOverlay.xib"; sourceTree = "<group>"; fileEncoding = undefined; lastKnownFileType = file.xib; explicitFileType = undefined; includeInIndex = 0; };
		DE37D2F83D594F8683AAA7BE /* CDVBarcodeScanner.bundle */ = {isa = PBXFileReference; name = "CDVBarcodeScanner.bundle"; path = "CDVBarcodeScanner.bundle"; sourceTree = "<group>"; fileEncoding = undefined; lastKnownFileType = wrapper.plug-in; explicitFileType = undefined; includeInIndex = 0; };
		B1327318162340B69D04BA7E /* libiconv.dylib */ = {isa = PBXFileReference; name = "libiconv.dylib"; path = "usr/lib/libiconv.dylib"; sourceTree = SDKROOT; fileEncoding = undefined; lastKnownFileType = compiled.mach-o.dylib; explicitFileType = undefined; includeInIndex = 0; };
		BED663C2129D4792986A5574 /* CoreVideo.framework */ = {isa = PBXFileReference; name = "CoreVideo.framework"; path = "System/Library/Frameworks/CoreVideo.framework"; sourceTree = SDKROOT; fileEncoding = undefined; lastKnownFileType = wrapper.framework; explicitFileType = undefined; includeInIndex = 0; };
		D4A605BDE6A14903844209FB /* QuartzCore.framework */ = {isa = PBXFileReference; name = "QuartzCore.framework"; path = "System/Library/Frameworks/QuartzCore.framework"; sourceTree = SDKROOT; fileEncoding = undefined; lastKnownFileType = wrapper.framework; explicitFileType = undefined; includeInIndex = 0; };
		3A426C6CCAFF4CD3832562AE /* CoreImage.framework */ = {isa = PBXFileReference; name = "CoreImage.framework"; path = "System/Library/Frameworks/CoreImage.framework"; sourceTree = SDKROOT; fileEncoding = undefined; lastKnownFileType = wrapper.framework; explicitFileType = undefined; includeInIndex = 0; };
/* End PBXFileReference section */

/* Begin PBXFrameworksBuildPhase section */
		1D60588F0D05DD3D006BFB54 /* Frameworks */ = {
			isa = PBXFrameworksBuildPhase;
			buildActionMask = 2147483647;
			files = (
				301BF552109A68D80062928A /* libCordova.a in Frameworks */,
				A8E139F4A9F345DF9A2544D5 /* ImageIO.framework in Frameworks */,
				3946CFD463334A85B7483F63 /* CoreLocation.framework in Frameworks */,
				A036CAFB747F4AB1940E6185 /* AVFoundation.framework in Frameworks */,
				4DE9F6A16AF24A9DB80847B6 /* AddressBook.framework in Frameworks */,
				1AF924CAAD4B4E539893395A /* AddressBookUI.framework in Frameworks */,
				5F1C93A948D543AFBA51B84B /* CoreMotion.framework in Frameworks */,
				0811A28DD1354105BF3F504C /* AudioToolbox.framework in Frameworks */,
				F38A3ACCADF94D10A0FB9333 /* SystemConfiguration.framework in Frameworks */,
				7B5FD7A213444491B0B0380E /* CoreTelephony.framework in Frameworks */,
				4F8C5F9006C54420BCE702F0 /* libiconv.dylib in Frameworks */,
				D0995E481F9F401A8F98D608 /* CoreVideo.framework in Frameworks */,
				0D03FE407B114109B1D43829 /* QuartzCore.framework in Frameworks */,
				EF4CBCEEE89847179BDBCA36 /* CoreImage.framework in Frameworks */,
			);
			runOnlyForDeploymentPostprocessing = 0;
		};
/* End PBXFrameworksBuildPhase section */

/* Begin PBXGroup section */
		080E96DDFE201D6D7F000001 /* Classes */ = {
			isa = PBXGroup;
			children = (
				302D95EE14D2391D003F00A1 /* MainViewController.h */,
				302D95EF14D2391D003F00A1 /* MainViewController.m */,
				302D95F014D2391D003F00A1 /* MainViewController.xib */,
				1D3623240D0F684500981E51 /* AppDelegate.h */,
				1D3623250D0F684500981E51 /* AppDelegate.m */,
			);
			name = Classes;
			path = "BarCodeScanner/Classes";
			sourceTree = SOURCE_ROOT;
		};
		19C28FACFE9D520D11CA2CBB /* Products */ = {
			isa = PBXGroup;
			children = (
				1D6058910D05DD3D006BFB54 /* BarCodeScanner.app */,
			);
			name = Products;
			sourceTree = "<group>";
		};
		29B97314FDCFA39411CA2CEA /* CustomTemplate */ = {
			isa = PBXGroup;
			children = (
				EB87FDF41871DAF40020F90C /* config.xml */,
				EB87FDF31871DA8E0020F90C /* www */,
				EB87FDF11871DA420020F90C /* Staging */,
				301BF52D109A57CC0062928A /* CordovaLib.xcodeproj */,
				080E96DDFE201D6D7F000001 /* Classes */,
				307C750510C5A3420062BCA9 /* Plugins */,
				29B97315FDCFA39411CA2CEA /* Other Sources */,
				29B97317FDCFA39411CA2CEA /* Resources */,
				29B97323FDCFA39411CA2CEA /* Frameworks */,
				19C28FACFE9D520D11CA2CBB /* Products */,
			);
			name = CustomTemplate;
			sourceTree = "<group>";
		};
		29B97315FDCFA39411CA2CEA /* Other Sources */ = {
			isa = PBXGroup;
			children = (
				32CA4F630368D1EE00C91783 /* BarCodeScanner-Prefix.pch */,
				29B97316FDCFA39411CA2CEA /* main.m */,
				ED33DF2A687741AEAF9F8254 /* Bridging-Header.h */,
			);
			name = "Other Sources";
			path = "BarCodeScanner";
			sourceTree = "<group>";
		};
		29B97317FDCFA39411CA2CEA /* Resources */ = {
			isa = PBXGroup;
			children = (
				0207DA571B56EA530066E2B4 /* Images.xcassets */,
				3047A50E1AB8057F00498E2A /* config */,
				8D1107310486CEB800E47090 /* BarCodeScanner-Info.plist */,
				6AFF5BF81D6E424B00AB3073 /* CDVLaunchScreen.storyboard */,
				75CA16D9505B4ED587A0870A /* CDVNotification.bundle */,
				F41990D0DBB14092BF686992 /* CDVCapture.bundle */,
				A8E6481B775246A0AE768E06 /* scannerOverlay.xib */,
				DE37D2F83D594F8683AAA7BE /* CDVBarcodeScanner.bundle */,
			);
			name = Resources;
			path = "BarCodeScanner/Resources";
			sourceTree = "<group>";
		};
		29B97323FDCFA39411CA2CEA /* Frameworks */ = {
			isa = PBXGroup;
			children = (
				A0849153C5B64F54953D9C53 /* ImageIO.framework */,
				C684124B749E4DBBAE2BF6D7 /* CoreLocation.framework */,
				11ADF096458B4D6E8A3D642A /* AVFoundation.framework */,
				0D686B62F49149348A934573 /* AddressBook.framework */,
				5796EFB3FE554F7B80AEBBCC /* AddressBookUI.framework */,
				F0A868C5552A411FAABF214B /* CoreMotion.framework */,
				0D26113F34C5454F87D805F1 /* AudioToolbox.framework */,
				37BF9FDDE8E74C449F80BDEE /* SystemConfiguration.framework */,
				436C260D5AFB4D5190E5B332 /* CoreTelephony.framework */,
				B1327318162340B69D04BA7E /* libiconv.dylib */,
				BED663C2129D4792986A5574 /* CoreVideo.framework */,
				D4A605BDE6A14903844209FB /* QuartzCore.framework */,
				3A426C6CCAFF4CD3832562AE /* CoreImage.framework */,
			);
			name = Frameworks;
			sourceTree = "<group>";
		};
		301BF52E109A57CC0062928A /* Products */ = {
			isa = PBXGroup;
			children = (
				301BF535109A57CC0062928A /* libCordova.a */,
			);
			name = Products;
			sourceTree = "<group>";
		};
		3047A50E1AB8057F00498E2A /* config */ = {
			isa = PBXGroup;
			children = (
				3047A50F1AB8059700498E2A /* build-debug.xcconfig */,
				3047A5101AB8059700498E2A /* build-release.xcconfig */,
				3047A5111AB8059700498E2A /* build.xcconfig */,
			);
			name = config;
			sourceTree = "<group>";
		};
		307C750510C5A3420062BCA9 /* Plugins */ = {
			isa = PBXGroup;
			children = (
				6622E96264A3478C8ACF19CF /* CDVBattery.m */,
				A9640A46FA5B4777A025E186 /* CDVBattery.h */,
				14BD6B6F54EB421A8474ADAF /* UIImage+CropScaleOrientation.m */,
				39F9DAF2A69C41538C6CA246 /* CDVCamera.m */,
				26B94B8BFA694FF9A3D1CFFE /* CDVJpegHeaderWriter.m */,
				88A8B99B44C24D7EBB1E8192 /* UIImage+CropScaleOrientation.h */,
				BED2D07DB6FC4371873F1721 /* CDVCamera.h */,
				F88CF4411D784C32A3637F1A /* CDVJpegHeaderWriter.h */,
				8D5E4D88C1F24D9B9F456C31 /* CDVExif.h */,
				F2D8FDCCF415469DB47C4CB5 /* CDVLogger.m */,
				985E1FFA0C5E4D02989F0CC6 /* CDVLogger.h */,
				194D1B4430A64B47B70CF578 /* CDVContacts.m */,
				8E4F803EA6F040388ED32774 /* CDVContact.m */,
				F1834CCDCAD844BC8183E960 /* CDVContacts.h */,
				B4936393C0B64CB49E5AE9E2 /* CDVContact.h */,
				673F6D1AA1CD4E84AA65229E /* CDVDevice.m */,
				02093FF6B33D4A639B935250 /* CDVDevice.h */,
				693C5C7FA09B49DC9AA5DBEC /* CDVAccelerometer.m */,
				122808C001AA45C5AC6287A4 /* CDVAccelerometer.h */,
				E46A6C76458243B1A2482DD9 /* CDVCompass.m */,
				CD1B855207014DDCAF177E8B /* CDVCompass.h */,
				2A443215B0EC4E45BB4BE14A /* CDVNotification.m */,
				BA072C526EC4471FBA90D1AE /* CDVNotification.h */,
				F7CBC907E3AB43179F1DE320 /* CDVFile.m */,
				E572A275518F478C949F7355 /* CDVLocalFilesystem.m */,
				8D42DB1DA2E14DCAAEB10C2B /* CDVAssetLibraryFilesystem.m */,
				9D11C41024BD403AB451D94D /* CDVFile.h */,
				F28E8B15B93148FDB6675DC5 /* CDVLocalFilesystem.h */,
				E4CB1736FB4045519B93B617 /* CDVAssetLibraryFilesystem.h */,
				64449AF1BB33463A9DB24C29 /* CDVFileTransfer.m */,
				6FB229FFB1764315A1DF9DF4 /* CDVFileTransfer.h */,
				0AAD45EA566E4EF2A660367E /* CDVLocation.m */,
				C80417B375D146B8AC2C23D2 /* CDVLocation.h */,
				91046A3D40A5487388337D9C /* CDVGlobalization.m */,
				673DCD35EC1B4A3C9CF12FCD /* CDVGlobalization.h */,
				BF0338FE84AD450E8FE95D86 /* CDVInAppBrowser.m */,
				522D0E77E85948B6AADBBA57 /* CDVInAppBrowser.h */,
				F6C6522ABA6F474AA471CC29 /* CDVSound.m */,
				8D4547D6D0D0424696F8AABB /* CDVSound.h */,
				B3091681913D4DAC8893ACBF /* CDVCapture.m */,
				4390E16D05E445DB9EE49385 /* CDVCapture.h */,
				79BF3F24F7C6405BA8D07643 /* CDVConnection.m */,
				3471C070D15B4DC9816D52F8 /* CDVReachability.m */,
				A423AE7A3F024C5B9F576591 /* CDVConnection.h */,
				DC4191F641584A34B8BC50BD /* CDVReachability.h */,
				183CFF553B41444C866317BB /* CDVSplashScreen.m */,
				CC620DA5E79948E78EBE3CD3 /* CDVViewController+SplashScreen.m */,
				AE5D6D1FDF004899BE6ED272 /* CDVSplashScreen.h */,
				EC294C1D310643F9A329A5F4 /* CDVViewController+SplashScreen.h */,
				B5F92625DD9B48B68D2E1B9E /* CDVStatusBar.m */,
				A291285C61D24F3D88442764 /* CDVStatusBar.h */,
				451ED274249645DCBD98BFDE /* CDVVibration.m */,
				9E2329B2213F4270A21831CA /* CDVVibration.h */,
				F64858B7B8AD44B684680E58 /* CDVBarcodeScanner.mm */,
				D59A148821B7438E9483233E /* zxing-all-in-one.cpp */,
				73CF416764F14E2CB9CA197E /* zxing-all-in-one.h */,
			);
			name = Plugins;
			path = "BarCodeScanner/Plugins";
			sourceTree = SOURCE_ROOT;
		};
		EB87FDF11871DA420020F90C /* Staging */ = {
			isa = PBXGroup;
			children = (
				F840E1F0165FE0F500CFE078 /* config.xml */,
				301BF56E109A69640062928A /* www */,
			);
			name = Staging;
			sourceTree = "<group>";
		};
/* End PBXGroup section */

/* Begin PBXNativeTarget section */
		1D6058900D05DD3D006BFB54 /* BarCodeScanner */ = {
			isa = PBXNativeTarget;
			buildConfigurationList = 1D6058960D05DD3E006BFB54 /* Build configuration list for PBXNativeTarget "BarCodeScanner" */;
			buildPhases = (
				304B58A110DAC018002A0835 /* Copy www directory */,
				1D60588D0D05DD3D006BFB54 /* Resources */,
				1D60588E0D05DD3D006BFB54 /* Sources */,
				1D60588F0D05DD3D006BFB54 /* Frameworks */,
			);
			buildRules = (
			);
			dependencies = (
				301BF551109A68C00062928A /* PBXTargetDependency */,
			);
			name = "BarCodeScanner";
			productName = "BarCodeScanner";
			productReference = 1D6058910D05DD3D006BFB54 /* BarCodeScanner.app */;
			productType = "com.apple.product-type.application";
		};
/* End PBXNativeTarget section */

/* Begin PBXProject section */
		29B97313FDCFA39411CA2CEA /* Project object */ = {
			isa = PBXProject;
			attributes = {
				LastUpgradeCheck = 510;
			};
			buildConfigurationList = C01FCF4E08A954540054247B /* Build configuration list for PBXProject "__NON-CLI__" */;
			compatibilityVersion = "Xcode 3.2";
			developmentRegion = English;
			hasScannedForEncodings = 1;
			mainGroup = 29B97314FDCFA39411CA2CEA /* CustomTemplate */;
			projectDirPath = "";
			projectReferences = (
				{
					ProductGroup = 301BF52E109A57CC0062928A /* Products */;
					ProjectRef = 301BF52D109A57CC0062928A /* CordovaLib.xcodeproj */;
				},
			);
			projectRoot = "";
			targets = (
				1D6058900D05DD3D006BFB54 /* BarCodeScanner */,
			);
		};
/* End PBXProject section */

/* Begin PBXReferenceProxy section */
		301BF535109A57CC0062928A /* libCordova.a */ = {
			isa = PBXReferenceProxy;
			fileType = archive.ar;
			path = libCordova.a;
			remoteRef = 301BF534109A57CC0062928A /* PBXContainerItemProxy */;
			sourceTree = BUILT_PRODUCTS_DIR;
		};
/* End PBXReferenceProxy section */

/* Begin PBXResourcesBuildPhase section */
		1D60588D0D05DD3D006BFB54 /* Resources */ = {
			isa = PBXResourcesBuildPhase;
			buildActionMask = 2147483647;
			files = (
				302D95F214D2391D003F00A1 /* MainViewController.xib in Resources */,
				0207DA581B56EA530066E2B4 /* Images.xcassets in Resources */,
				6AFF5BF91D6E424B00AB3073 /* CDVLaunchScreen.storyboard in Resources */,
				D7D4EE22CC984997B4A4A013 /* CDVNotification.bundle in Resources */,
				47871E4CAB5841E79F25432E /* CDVCapture.bundle in Resources */,
				47E2207DC7FF42AFBDEA92AD /* scannerOverlay.xib in Resources */,
				56290F6502E940EFB2434413 /* CDVBarcodeScanner.bundle in Resources */,
			);
			runOnlyForDeploymentPostprocessing = 0;
		};
/* End PBXResourcesBuildPhase section */

/* Begin PBXShellScriptBuildPhase section */
		304B58A110DAC018002A0835 /* Copy www directory */ = {
			isa = PBXShellScriptBuildPhase;
			buildActionMask = 2147483647;
			files = (
			);
			inputPaths = (
			);
			name = "Copy www directory";
			outputPaths = (
			);
			runOnlyForDeploymentPostprocessing = 0;
			shellPath = /bin/sh;
			shellScript = "NODEJS_PATH=/usr/local/bin; NVM_NODE_PATH=~/.nvm/versions/node/`nvm version 2>/dev/null`/bin; N_NODE_PATH=`find /usr/local/n/versions/node/* -maxdepth 0 -type d 2>/dev/null | tail -1`/bin; XCODE_NODE_PATH=`xcode-select --print-path`/usr/share/xcs/Node/bin; PATH=$NODEJS_PATH:$NVM_NODE_PATH:$N_NODE_PATH:$XCODE_NODE_PATH:$PATH && node cordova/lib/copy-www-build-step.js";
			showEnvVarsInLog = 0;
		};
/* End PBXShellScriptBuildPhase section */

/* Begin PBXSourcesBuildPhase section */
		1D60588E0D05DD3D006BFB54 /* Sources */ = {
			isa = PBXSourcesBuildPhase;
			buildActionMask = 2147483647;
			files = (
				1D60589B0D05DD56006BFB54 /* main.m in Sources */,
				1D3623260D0F684500981E51 /* AppDelegate.m in Sources */,
				302D95F114D2391D003F00A1 /* MainViewController.m in Sources */,
				5F751ABC642B495DAA082719 /* CDVBattery.m in Sources */,
				A6506A1777E74781A40E69C8 /* UIImage+CropScaleOrientation.m in Sources */,
				FE2467BCCA6443DBA3BAFFFB /* CDVCamera.m in Sources */,
				4E28DFAB7C084348829B14B8 /* CDVJpegHeaderWriter.m in Sources */,
				F389DA88E98E4E9AB66F6347 /* CDVLogger.m in Sources */,
				38B08BFB5BD24767BBAC53BA /* CDVContacts.m in Sources */,
				9C6935C795E44D598E2FC791 /* CDVContact.m in Sources */,
				7B78488D279F48BBA3C618E1 /* CDVDevice.m in Sources */,
				A0B583BEA63841CEB00A53E0 /* CDVAccelerometer.m in Sources */,
				22D3ABBF56564D39AB871641 /* CDVCompass.m in Sources */,
				2D38512D361F407DACE48A44 /* CDVNotification.m in Sources */,
				A10BA61103414FA38E98333A /* CDVFile.m in Sources */,
				E1103030E1BA42A58C17041F /* CDVLocalFilesystem.m in Sources */,
				C4E453C3001346F693F9CE69 /* CDVAssetLibraryFilesystem.m in Sources */,
				C0C3021D245B4920B31FE409 /* CDVFileTransfer.m in Sources */,
				57B1A762CE0C4CBBB57BDA15 /* CDVLocation.m in Sources */,
				A56F1E9C95B448BC9BEE6DD6 /* CDVGlobalization.m in Sources */,
				04E0AC217F0D4888ADD7BA26 /* CDVInAppBrowser.m in Sources */,
				79FE0AB4709B40ABA53A411C /* CDVSound.m in Sources */,
				A958DCCB04594F65A52F7B5A /* CDVCapture.m in Sources */,
				F4D145891F7D46CCA23147BB /* CDVConnection.m in Sources */,
				C151E81C467547A2998D652F /* CDVReachability.m in Sources */,
				88DB30AFBAD64CE7A26CBBAE /* CDVSplashScreen.m in Sources */,
				2C0037787B404ABBBFA8575B /* CDVViewController+SplashScreen.m in Sources */,
				63D08B04B58E4D5098A0A178 /* CDVStatusBar.m in Sources */,
				E269F36F952F451093A30123 /* CDVVibration.m in Sources */,
				FCF7C69439E9458A853AFB05 /* CDVBarcodeScanner.mm in Resources */,
				C540148F2C2B43D9A8747891 /* zxing-all-in-one.cpp in Resources */,
			);
			runOnlyForDeploymentPostprocessing = 0;
		};
/* End PBXSourcesBuildPhase section */

/* Begin PBXTargetDependency section */
		301BF551109A68C00062928A /* PBXTargetDependency */ = {
			isa = PBXTargetDependency;
			name = CordovaLib;
			targetProxy = 301BF550109A68C00062928A /* PBXContainerItemProxy */;
		};
/* End PBXTargetDependency section */

/* Begin XCBuildConfiguration section */
		1D6058940D05DD3E006BFB54 /* Debug */ = {
			isa = XCBuildConfiguration;
			baseConfigurationReference = 3047A50F1AB8059700498E2A /* build-debug.xcconfig */;
			buildSettings = {
				ALWAYS_SEARCH_USER_PATHS = NO;
				ASSETCATALOG_COMPILER_APPICON_NAME = AppIcon;
				ASSETCATALOG_COMPILER_LAUNCHIMAGE_NAME = LaunchImage;
				CLANG_ENABLE_MODULES = YES;
				CLANG_ENABLE_OBJC_ARC = YES;
				COPY_PHASE_STRIP = NO;
				GCC_DYNAMIC_NO_PIC = NO;
				GCC_OPTIMIZATION_LEVEL = 0;
				GCC_PRECOMPILE_PREFIX_HEADER = YES;
				GCC_PREFIX_HEADER = "BarCodeScanner/BarCodeScanner-Prefix.pch";
				GCC_THUMB_SUPPORT = NO;
				GCC_VERSION = "";
				INFOPLIST_FILE = "BarCodeScanner/BarCodeScanner-Info.plist";
				IPHONEOS_DEPLOYMENT_TARGET = 8.0;
				LD_RUNPATH_SEARCH_PATHS = "@executable_path/Frameworks";
				TARGETED_DEVICE_FAMILY = "1,2";
				PRODUCT_NAME = "BarCodeScanner";
			};
			name = Debug;
		};
		1D6058950D05DD3E006BFB54 /* Release */ = {
			isa = XCBuildConfiguration;
			baseConfigurationReference = 3047A5101AB8059700498E2A /* build-release.xcconfig */;
			buildSettings = {
				ALWAYS_SEARCH_USER_PATHS = NO;
				ASSETCATALOG_COMPILER_APPICON_NAME = AppIcon;
				ASSETCATALOG_COMPILER_LAUNCHIMAGE_NAME = LaunchImage;
				CLANG_ENABLE_MODULES = YES;
				CLANG_ENABLE_OBJC_ARC = YES;
				COPY_PHASE_STRIP = YES;
				GCC_PRECOMPILE_PREFIX_HEADER = YES;
				GCC_PREFIX_HEADER = "BarCodeScanner/BarCodeScanner-Prefix.pch";
				GCC_THUMB_SUPPORT = NO;
				GCC_VERSION = "";
				INFOPLIST_FILE = "BarCodeScanner/BarCodeScanner-Info.plist";
				IPHONEOS_DEPLOYMENT_TARGET = 8.0;
				LD_RUNPATH_SEARCH_PATHS = "@executable_path/Frameworks";
				TARGETED_DEVICE_FAMILY = "1,2";
				PRODUCT_NAME = "BarCodeScanner";
			};
			name = Release;
		};
		C01FCF4F08A954540054247B /* Debug */ = {
			isa = XCBuildConfiguration;
			baseConfigurationReference = 3047A5111AB8059700498E2A /* build.xcconfig */;
			buildSettings = {
				CLANG_ENABLE_MODULES = YES;
				CLANG_ENABLE_OBJC_ARC = YES;
				CLANG_WARN_BOOL_CONVERSION = YES;
				CLANG_WARN_CONSTANT_CONVERSION = YES;
				CLANG_WARN_EMPTY_BODY = YES;
				CLANG_WARN_ENUM_CONVERSION = YES;
				CLANG_WARN_INT_CONVERSION = YES;
				CLANG_WARN__DUPLICATE_METHOD_MATCH = YES;
				GCC_C_LANGUAGE_STANDARD = c99;
				GCC_THUMB_SUPPORT = NO;
				GCC_VERSION = "";
				GCC_WARN_ABOUT_RETURN_TYPE = YES;
				GCC_WARN_UNDECLARED_SELECTOR = YES;
				GCC_WARN_UNINITIALIZED_AUTOS = YES;
				GCC_WARN_UNUSED_FUNCTION = YES;
				GCC_WARN_UNUSED_VARIABLE = YES;
				ONLY_ACTIVE_ARCH = YES;
				SDKROOT = iphoneos;
				SKIP_INSTALL = NO;
				ASSETCATALOG_COMPILER_LAUNCHIMAGE_NAME = LaunchImage;
			};
			name = Debug;
		};
		C01FCF5008A954540054247B /* Release */ = {
			isa = XCBuildConfiguration;
			baseConfigurationReference = 3047A5111AB8059700498E2A /* build.xcconfig */;
			buildSettings = {
				CLANG_ENABLE_MODULES = YES;
				CLANG_ENABLE_OBJC_ARC = YES;
				CLANG_WARN_BOOL_CONVERSION = YES;
				CLANG_WARN_CONSTANT_CONVERSION = YES;
				CLANG_WARN_EMPTY_BODY = YES;
				CLANG_WARN_ENUM_CONVERSION = YES;
				CLANG_WARN_INT_CONVERSION = YES;
				CLANG_WARN__DUPLICATE_METHOD_MATCH = YES;
				GCC_C_LANGUAGE_STANDARD = c99;
				GCC_THUMB_SUPPORT = NO;
				GCC_VERSION = "";
				GCC_WARN_ABOUT_RETURN_TYPE = YES;
				GCC_WARN_UNDECLARED_SELECTOR = YES;
				GCC_WARN_UNINITIALIZED_AUTOS = YES;
				GCC_WARN_UNUSED_FUNCTION = YES;
				GCC_WARN_UNUSED_VARIABLE = YES;
				SDKROOT = iphoneos;
				SKIP_INSTALL = NO;
				ASSETCATALOG_COMPILER_LAUNCHIMAGE_NAME = LaunchImage;
			};
			name = Release;
		};
/* End XCBuildConfiguration section */

/* Begin XCConfigurationList section */
		1D6058960D05DD3E006BFB54 /* Build configuration list for PBXNativeTarget "BarCodeScanner" */ = {
			isa = XCConfigurationList;
			buildConfigurations = (
				1D6058940D05DD3E006BFB54 /* Debug */,
				1D6058950D05DD3E006BFB54 /* Release */,
			);
			defaultConfigurationIsVisible = 0;
			defaultConfigurationName = Release;
		};
		C01FCF4E08A954540054247B /* Build configuration list for PBXProject "__NON-CLI__" */ = {
			isa = XCConfigurationList;
			buildConfigurations = (
				C01FCF4F08A954540054247B /* Debug */,
				C01FCF5008A954540054247B /* Release */,
			);
			defaultConfigurationIsVisible = 0;
			defaultConfigurationName = Release;
		};
/* End XCConfigurationList section */
	};
	rootObject = 29B97313FDCFA39411CA2CEA /* Project object */;
}
